{
  "name": "@geph/ionic",
  "version": "1.0.0",
  "lockfileVersion": 1,
  "requires": true,
  "dependencies": {
    "@geph/common": {
      "version": "1.0.13",
      "resolved": "https://registry.npmjs.org/@geph/common/-/common-1.0.13.tgz",
      "integrity": "sha1-Alh2wYbJWs1X9GM0zi7c2CwFzlw=",
      "requires": {
        "@geph/core": "1.0.8",
        "reflect-metadata": "0.1.12"
      }
    },
    "@geph/core": {
      "version": "1.0.8",
      "resolved": "https://registry.npmjs.org/@geph/core/-/core-1.0.8.tgz",
      "integrity": "sha1-31vvxK5ayo9+t3gc0bJihDiBJvg=",
      "requires": {
        "reflect-metadata": "0.1.12"
      }
    },
    "@geph/serializable": {
      "version": "1.0.17",
      "resolved": "https://registry.npmjs.org/@geph/serializable/-/serializable-1.0.17.tgz",
      "integrity": "sha512-uvds1tMfXbWJzQfhjlnPcWCI3Gei+O6mfYwSmjU2blgpN2WMwUfOXrSzbEjQL5cZmWAN/mmtSR6vFHJB7edLZA==",
      "requires": {
        "reflect-metadata": "0.1.12"
      }
    },
    "reflect-metadata": {
      "version": "0.1.12",
      "resolved": "https://registry.npmjs.org/reflect-metadata/-/reflect-metadata-0.1.12.tgz",
      "integrity": "sha512-n+IyV+nGz3+0q3/Yf1ra12KpCyi001bi4XFxSjbiWWjfqb52iTTtpGXmCCAOWWIAn9KEuFZKGqBERHmrtScZ3A=="
    },
    "rxjs": {
      "version": "5.5.6",
      "resolved": "https://registry.npmjs.org/rxjs/-/rxjs-5.5.6.tgz",
      "integrity": "sha512-v4Q5HDC0FHAQ7zcBX7T2IL6O5ltl1a2GX4ENjPXg6SjDY69Cmx9v4113C99a4wGF16ClPv5Z8mghuYorVkg/kg==",
      "requires": {
        "symbol-observable": "1.0.1"
      }
    },
    "symbol-observable": {
      "version": "1.0.1",
      "resolved": "https://registry.npmjs.org/symbol-observable/-/symbol-observable-1.0.1.tgz",
      "integrity": "sha1-g0D8RwLDEi310iKI+IKD9RPT/dQ="
    },
    "typescript": {
      "version": "2.6.2",
      "resolved": "https://registry.npmjs.org/typescript/-/typescript-2.6.2.tgz",
      "integrity": "sha1-PFtv1/beCRQmkCfwPAlGdY92c6Q=",
      "dev": true
    }
  }
}
