{
  "name": "@geph/ionic",
  "version": "1.0.7",
  "lockfileVersion": 1,
  "requires": true,
  "dependencies": {
    "@geph/common": {
      "version": "1.1.1",
      "resolved": "https://registry.npmjs.org/@geph/common/-/common-1.1.1.tgz",
      "integrity": "sha512-Oxj1e7jtu+PfkdkN0u6jMu5DIt+i+8q2SSKdYt85PGoV1a8emTE5bAzovM++Jc64+Y6KB8ubzXU23HejTJvlww==",
      "dev": true,
      "requires": {
        "@geph/core": "^1.0.2",
        "reflect-metadata": "^0.1.10"
      }
    },
    "@geph/core": {
      "version": "1.0.14",
      "resolved": "https://registry.npmjs.org/@geph/core/-/core-1.0.14.tgz",
      "integrity": "sha512-spK+VJVo5qMEKVZjRwgFhfpYqBvm9x3R0mAD3mLPZcETMSvg14l3RysyOHDukSpYsvaOnabKmGHCsBAJSh+jwg==",
      "dev": true,
      "requires": {
        "reflect-metadata": "^0.1.10"
      }
    },
    "@geph/serializable": {
      "version": "1.1.0",
      "resolved": "https://registry.npmjs.org/@geph/serializable/-/serializable-1.1.0.tgz",
      "integrity": "sha512-USmS31zRFc64kB7VjnvPwQamvUxQUnfWms7AiHAEB9Ped4J70/RPXK3Z+NYzZvC7saMoLminC5Cy5slG+pW45Q==",
      "dev": true,
      "requires": {
        "reflect-metadata": "^0.1.10"
      }
    },
    "@ionic-native/http": {
      "version": "5.19.1",
      "resolved": "https://registry.npmjs.org/@ionic-native/http/-/http-5.19.1.tgz",
      "integrity": "sha512-+1JlqVJQKVANjQ9H9mLQHg36bRCpAZuaHNqSYdfnGm/o9WXBhOb9p1HTUHf7iUWjZd4I4VCa7OKbNH3AfMFCrw==",
      "dev": true,
      "requires": {
        "@types/cordova": "^0.0.34"
      }
    },
    "@types/cordova": {
      "version": "0.0.34",
      "resolved": "https://registry.npmjs.org/@types/cordova/-/cordova-0.0.34.tgz",
      "integrity": "sha1-6nrd907Ow9dimCegw54smt3HPQQ=",
      "dev": true
    },
    "reflect-metadata": {
      "version": "0.1.13",
      "resolved": "https://registry.npmjs.org/reflect-metadata/-/reflect-metadata-0.1.13.tgz",
      "integrity": "sha512-Ts1Y/anZELhSsjMcU605fU9RE4Oi3p5ORujwbIKXfWa+0Zxs510Qrmrce5/Jowq3cHSZSJqBjypxmHarc+vEWg==",
      "dev": true
    },
    "rxjs": {
      "version": "5.5.12",
      "resolved": "https://registry.npmjs.org/rxjs/-/rxjs-5.5.12.tgz",
      "integrity": "sha512-xx2itnL5sBbqeeiVgNPVuQQ1nC8Jp2WfNJhXWHmElW9YmrpS9UVnNzhP3EH3HFqexO5Tlp8GhYY+WEcqcVMvGw==",
      "dev": true,
      "requires": {
        "symbol-observable": "1.0.1"
      }
    },
    "symbol-observable": {
      "version": "1.0.1",
      "resolved": "https://registry.npmjs.org/symbol-observable/-/symbol-observable-1.0.1.tgz",
      "integrity": "sha1-g0D8RwLDEi310iKI+IKD9RPT/dQ=",
      "dev": true
    },
    "typescript": {
      "version": "2.9.2",
      "resolved": "https://registry.npmjs.org/typescript/-/typescript-2.9.2.tgz",
      "integrity": "sha512-Gr4p6nFNaoufRIY4NMdpQRNmgxVIGMs4Fcu/ujdYk3nAZqk7supzBE9idmvfZIlH/Cuj//dvi+019qEue9lV0w==",
      "dev": true
    }
  }
}
