{
  "name": "@geph/ionic",
  "version": "1.0.7",
  "lockfileVersion": 1,
  "requires": true,
  "dependencies": {
    "@geph/common": {
      "version": "1.1.1",
      "resolved": "https://registry.npmjs.org/@geph/common/-/common-1.1.1.tgz",
      "integrity": "sha512-Oxj1e7jtu+PfkdkN0u6jMu5DIt+i+8q2SSKdYt85PGoV1a8emTE5bAzovM++Jc64+Y6KB8ubzXU23HejTJvlww==",
      "dev": true,
      "requires": {
        "@geph/core": "^1.0.2",
        "reflect-metadata": "^0.1.10"
      }
    },
    "@geph/core": {
      "version": "1.0.14",
      "resolved": "https://registry.npmjs.org/@geph/core/-/core-1.0.14.tgz",
      "integrity": "sha512-spK+VJVo5qMEKVZjRwgFhfpYqBvm9x3R0mAD3mLPZcETMSvg14l3RysyOHDukSpYsvaOnabKmGHCsBAJSh+jwg==",
      "dev": true,
      "requires": {
        "reflect-metadata": "^0.1.10"
      }
    },
    "@geph/serializable": {
      "version": "1.1.0",
      "resolved": "https://registry.npmjs.org/@geph/serializable/-/serializable-1.1.0.tgz",
      "integrity": "sha512-USmS31zRFc64kB7VjnvPwQamvUxQUnfWms7AiHAEB9Ped4J70/RPXK3Z+NYzZvC7saMoLminC5Cy5slG+pW45Q==",
      "dev": true,
      "requires": {
        "reflect-metadata": "^0.1.10"
      }
    },
    "@ionic-native/http": {
      "version": "5.2.0",
      "resolved": "https://registry.npmjs.org/@ionic-native/http/-/http-5.2.0.tgz",
      "integrity": "sha512-mm+JLJVhra4Him9oaApiJO4Ok3rOKrKuKF3RveGCU0ZQzL1cFDmmIbHB5MoBrcBRsTGeYO4OSwdBY5uhWeWdUQ==",
      "dev": true,
      "requires": {
        "@types/cordova": "^0.0.34"
      }
    },
    "@types/cordova": {
      "version": "0.0.34",
      "resolved": "https://registry.npmjs.org/@types/cordova/-/cordova-0.0.34.tgz",
      "integrity": "sha1-6nrd907Ow9dimCegw54smt3HPQQ=",
      "dev": true
    },
    "reflect-metadata": {
      "version": "0.1.13",
      "resolved": "https://registry.npmjs.org/reflect-metadata/-/reflect-metadata-0.1.13.tgz",
      "integrity": "sha512-Ts1Y/anZELhSsjMcU605fU9RE4Oi3p5ORujwbIKXfWa+0Zxs510Qrmrce5/Jowq3cHSZSJqBjypxmHarc+vEWg==",
      "dev": true
    },
    "rxjs": {
      "version": "6.4.0",
      "resolved": "https://registry.npmjs.org/rxjs/-/rxjs-6.4.0.tgz",
      "integrity": "sha512-Z9Yfa11F6B9Sg/BK9MnqnQ+aQYicPLtilXBp2yUtDt2JRCE0h26d33EnfO3ZxoNxG0T92OUucP3Ct7cpfkdFfw==",
      "dev": true,
      "requires": {
        "tslib": "^1.9.0"
      }
    },
    "tslib": {
      "version": "1.9.3",
      "resolved": "https://registry.npmjs.org/tslib/-/tslib-1.9.3.tgz",
      "integrity": "sha512-4krF8scpejhaOgqzBEcGM7yDIEfi0/8+8zDRZhNZZ2kjmHJ4hv3zCbQWxoJGz1iw5U0Jl0nma13xzHXcncMavQ==",
      "dev": true
    },
    "typescript": {
      "version": "2.9.2",
      "resolved": "https://registry.npmjs.org/typescript/-/typescript-2.9.2.tgz",
      "integrity": "sha512-Gr4p6nFNaoufRIY4NMdpQRNmgxVIGMs4Fcu/ujdYk3nAZqk7supzBE9idmvfZIlH/Cuj//dvi+019qEue9lV0w==",
      "dev": true
    }
  }
}
