{
  "name": "@geph/sqlite",
  "version": "1.1.12",
  "lockfileVersion": 1,
  "requires": true,
  "dependencies": {
    "@geph/common": {
      "version": "1.0.13",
      "resolved": "https://registry.npmjs.org/@geph/common/-/common-1.0.13.tgz",
      "integrity": "sha1-Alh2wYbJWs1X9GM0zi7c2CwFzlw=",
      "dev": true,
      "requires": {
        "@geph/core": "^1.0.2",
        "reflect-metadata": "^0.1.10"
      },
      "dependencies": {
        "@geph/core": {
          "version": "1.0.8",
          "resolved": "https://registry.npmjs.org/@geph/core/-/core-1.0.8.tgz",
          "integrity": "sha1-31vvxK5ayo9+t3gc0bJihDiBJvg=",
          "dev": true,
          "requires": {
            "reflect-metadata": "^0.1.10"
          }
        }
      }
    },
    "@geph/core": {
      "version": "1.0.8",
      "resolved": "https://registry.npmjs.org/@geph/core/-/core-1.0.8.tgz",
      "integrity": "sha1-31vvxK5ayo9+t3gc0bJihDiBJvg=",
      "dev": true,
      "requires": {
        "reflect-metadata": "^0.1.10"
      }
    },
    "@geph/serializable": {
      "version": "1.0.17",
      "resolved": "https://registry.npmjs.org/@geph/serializable/-/serializable-1.0.17.tgz",
      "integrity": "sha512-uvds1tMfXbWJzQfhjlnPcWCI3Gei+O6mfYwSmjU2blgpN2WMwUfOXrSzbEjQL5cZmWAN/mmtSR6vFHJB7edLZA==",
      "dev": true,
      "requires": {
        "reflect-metadata": "^0.1.10"
      }
    },
    "@ionic-native/core": {
      "version": "5.2.0",
      "resolved": "https://registry.npmjs.org/@ionic-native/core/-/core-5.2.0.tgz",
      "integrity": "sha512-bVvYZsNTckoRW61QioGHTfp2v0FJcaJ7WhlnMrGgOj/ejBvSMPpfj1K/pws0TCUFnerWyLbSXgfGGYGoicLEOw==",
      "dev": true,
      "requires": {
        "@types/cordova": "^0.0.34"
      }
    },
    "@ionic-native/sqlite": {
      "version": "5.2.0",
      "resolved": "https://registry.npmjs.org/@ionic-native/sqlite/-/sqlite-5.2.0.tgz",
      "integrity": "sha512-EcEQ15994AW0MU0RjZYpPpBnCozadeP5zlcrHg2Y0gylSF14DHRMITJDq3pLUHWGTfc64vNT0V46dBOlpNAK2Q==",
      "dev": true,
      "requires": {
        "@types/cordova": "^0.0.34"
      }
    },
    "@types/cordova": {
      "version": "0.0.34",
      "resolved": "https://registry.npmjs.org/@types/cordova/-/cordova-0.0.34.tgz",
      "integrity": "sha1-6nrd907Ow9dimCegw54smt3HPQQ=",
      "dev": true
    },
    "@types/node": {
      "version": "10.12.27",
      "resolved": "https://registry.npmjs.org/@types/node/-/node-10.12.27.tgz",
      "integrity": "sha512-e9wgeY6gaY21on3ve0xAjgBVjGDWq/xUteK0ujsE53bUoxycMkqfnkUgMt6ffZtykZ5X12Mg3T7Pw4TRCObDKg==",
      "dev": true
    },
    "bson-objectid": {
      "version": "1.2.3",
      "resolved": "https://registry.npmjs.org/bson-objectid/-/bson-objectid-1.2.3.tgz",
      "integrity": "sha512-Q19/ibJQlO1z4UOJTyaEpWmJ+IdPQfvoKRPBy5GADIbByxyxk6lSN5m82KHMmKCygBnvPl7Wd9kLlG5VVCBWQQ=="
    },
    "reflect-metadata": {
      "version": "0.1.12",
      "resolved": "https://registry.npmjs.org/reflect-metadata/-/reflect-metadata-0.1.12.tgz",
      "integrity": "sha512-n+IyV+nGz3+0q3/Yf1ra12KpCyi001bi4XFxSjbiWWjfqb52iTTtpGXmCCAOWWIAn9KEuFZKGqBERHmrtScZ3A==",
      "dev": true
    },
    "rxjs": {
      "version": "6.4.0",
      "resolved": "https://registry.npmjs.org/rxjs/-/rxjs-6.4.0.tgz",
      "integrity": "sha512-Z9Yfa11F6B9Sg/BK9MnqnQ+aQYicPLtilXBp2yUtDt2JRCE0h26d33EnfO3ZxoNxG0T92OUucP3Ct7cpfkdFfw==",
      "dev": true,
      "requires": {
        "tslib": "^1.9.0"
      }
    },
    "tslib": {
      "version": "1.9.3",
      "resolved": "https://registry.npmjs.org/tslib/-/tslib-1.9.3.tgz",
      "integrity": "sha512-4krF8scpejhaOgqzBEcGM7yDIEfi0/8+8zDRZhNZZ2kjmHJ4hv3zCbQWxoJGz1iw5U0Jl0nma13xzHXcncMavQ==",
      "dev": true
    },
    "typescript": {
      "version": "2.9.2",
      "resolved": "https://registry.npmjs.org/typescript/-/typescript-2.9.2.tgz",
      "integrity": "sha512-Gr4p6nFNaoufRIY4NMdpQRNmgxVIGMs4Fcu/ujdYk3nAZqk7supzBE9idmvfZIlH/Cuj//dvi+019qEue9lV0w==",
      "dev": true
    }
  }
}
