{
  "name": "@geph/sqlite",
  "version": "1.0.0",
  "lockfileVersion": 1,
  "requires": true,
  "dependencies": {
    "@geph/common": {
      "version": "1.0.13",
      "resolved": "https://registry.npmjs.org/@geph/common/-/common-1.0.13.tgz",
      "integrity": "sha1-Alh2wYbJWs1X9GM0zi7c2CwFzlw=",
      "requires": {
        "@geph/core": "1.0.8",
        "reflect-metadata": "0.1.12"
      },
      "dependencies": {
        "@geph/core": {
          "version": "1.0.8",
          "resolved": "https://registry.npmjs.org/@geph/core/-/core-1.0.8.tgz",
          "integrity": "sha1-31vvxK5ayo9+t3gc0bJihDiBJvg=",
          "requires": {
            "reflect-metadata": "0.1.12"
          }
        }
      }
    },
    "@geph/core": {
      "version": "1.0.8",
      "resolved": "https://registry.npmjs.org/@geph/core/-/core-1.0.8.tgz",
      "integrity": "sha1-31vvxK5ayo9+t3gc0bJihDiBJvg=",
      "requires": {
        "reflect-metadata": "0.1.12"
      }
    },
    "@geph/serializable": {
      "version": "1.0.17",
      "resolved": "https://registry.npmjs.org/@geph/serializable/-/serializable-1.0.17.tgz",
      "integrity": "sha512-uvds1tMfXbWJzQfhjlnPcWCI3Gei+O6mfYwSmjU2blgpN2WMwUfOXrSzbEjQL5cZmWAN/mmtSR6vFHJB7edLZA==",
      "requires": {
        "reflect-metadata": "0.1.12"
      }
    },
    "@ionic-native/core": {
      "version": "4.7.0",
      "resolved": "https://registry.npmjs.org/@ionic-native/core/-/core-4.7.0.tgz",
      "integrity": "sha512-BT4a9qIl3qfJMukcfMPtXDAAsOrYIAoVQvCodDZhqGExTakIx0/JlOr+lZa6KEU46CoA1SEctcBjj0N+nNcWOw=="
    },
    "@ionic-native/sqlite": {
      "version": "4.7.0",
      "resolved": "https://registry.npmjs.org/@ionic-native/sqlite/-/sqlite-4.7.0.tgz",
      "integrity": "sha512-VkyBzXMOWxFa/r/SBjmWzDTdfzUfKnWY/HsOhwUG6Kfbr8DOMKbYydl/ytShjhkrW1dn7eSbOhYFbRR5CK11kQ=="
    },
    "bson-objectid": {
      "version": "1.2.3",
      "resolved": "https://registry.npmjs.org/bson-objectid/-/bson-objectid-1.2.3.tgz",
      "integrity": "sha512-Q19/ibJQlO1z4UOJTyaEpWmJ+IdPQfvoKRPBy5GADIbByxyxk6lSN5m82KHMmKCygBnvPl7Wd9kLlG5VVCBWQQ=="
    },
    "reflect-metadata": {
      "version": "0.1.12",
      "resolved": "https://registry.npmjs.org/reflect-metadata/-/reflect-metadata-0.1.12.tgz",
      "integrity": "sha512-n+IyV+nGz3+0q3/Yf1ra12KpCyi001bi4XFxSjbiWWjfqb52iTTtpGXmCCAOWWIAn9KEuFZKGqBERHmrtScZ3A=="
    },
    "rxjs": {
      "version": "5.5.10",
      "resolved": "https://registry.npmjs.org/rxjs/-/rxjs-5.5.10.tgz",
      "integrity": "sha512-SRjimIDUHJkon+2hFo7xnvNC4ZEHGzCRwh9P7nzX3zPkCGFEg/tuElrNR7L/rZMagnK2JeH2jQwPRpmyXyLB6A==",
      "requires": {
        "symbol-observable": "1.0.1"
      }
    },
    "symbol-observable": {
      "version": "1.0.1",
      "resolved": "https://registry.npmjs.org/symbol-observable/-/symbol-observable-1.0.1.tgz",
      "integrity": "sha1-g0D8RwLDEi310iKI+IKD9RPT/dQ="
    }
  }
}
