{
  "name": "@geph/mongoose",
  "version": "1.0.12",
  "lockfileVersion": 1,
  "requires": true,
  "dependencies": {
    "@geph/common": {
      "version": "1.1.1",
      "resolved": "https://registry.npmjs.org/@geph/common/-/common-1.1.1.tgz",
      "integrity": "sha512-Oxj1e7jtu+PfkdkN0u6jMu5DIt+i+8q2SSKdYt85PGoV1a8emTE5bAzovM++Jc64+Y6KB8ubzXU23HejTJvlww==",
      "dev": true,
      "requires": {
        "@geph/core": "^1.0.2",
        "reflect-metadata": "^0.1.10"
      }
    },
    "@geph/core": {
      "version": "1.0.11",
      "resolved": "https://registry.npmjs.org/@geph/core/-/core-1.0.11.tgz",
      "integrity": "sha512-Ooju0kF59l1voVT0JszbkVUOXSgp1/msZx51A+EK6OWGr+2w+m38vJ26Q/ClP8lAbHQS81UUDUrJnFQSIGnqwQ==",
      "dev": true,
      "requires": {
        "reflect-metadata": "^0.1.10"
      }
    },
    "@geph/serializable": {
      "version": "1.1.0",
      "resolved": "https://registry.npmjs.org/@geph/serializable/-/serializable-1.1.0.tgz",
      "integrity": "sha512-USmS31zRFc64kB7VjnvPwQamvUxQUnfWms7AiHAEB9Ped4J70/RPXK3Z+NYzZvC7saMoLminC5Cy5slG+pW45Q==",
      "dev": true,
      "requires": {
        "reflect-metadata": "^0.1.10"
      }
    },
    "@types/bson": {
      "version": "1.0.8",
      "resolved": "https://registry.npmjs.org/@types/bson/-/bson-1.0.8.tgz",
      "integrity": "sha512-PMa4nkRhLaqwsXQDDTzGbTyCIpej0ERznyAP9fyuGnlsmUbcC4Y25mdqjibYjkOPNyK/BWWUKneruaKHcS3Q8g==",
      "dev": true,
      "requires": {
        "@types/node": "*"
      }
    },
    "@types/events": {
      "version": "1.2.0",
      "resolved": "https://registry.npmjs.org/@types/events/-/events-1.2.0.tgz",
      "integrity": "sha512-KEIlhXnIutzKwRbQkGWb/I4HFqBuUykAdHgDED6xqwXJfONCjF5VoE0cXEiurh3XauygxzeDzgtXUqvLkxFzzA==",
      "dev": true
    },
    "@types/mongodb": {
      "version": "3.0.18",
      "resolved": "https://registry.npmjs.org/@types/mongodb/-/mongodb-3.0.18.tgz",
      "integrity": "sha512-0LflLyhsCEMOSiqcTb7QYl/VQv3m0acU0ouI7sPmyNmL4P1JNldiJZsNcmIliLyHFaKTQ3Rb+BJtUBLzlVhKzg==",
      "dev": true,
      "requires": {
        "@types/bson": "*",
        "@types/events": "*",
        "@types/node": "*"
      }
    },
    "@types/mongoose": {
      "version": "4.7.36",
      "resolved": "https://registry.npmjs.org/@types/mongoose/-/mongoose-4.7.36.tgz",
      "integrity": "sha512-aa2DNfTCoMkTMA39JAfSJATFc/oBiSN84FG8fTTHbWjdP+hXyARLVsvN7xYCjq7Pvb5tahlfvF3TjT1PZI1cIg==",
      "dev": true,
      "requires": {
        "@types/events": "*",
        "@types/mongodb": "*",
        "@types/node": "*"
      }
    },
    "@types/node": {
      "version": "10.1.3",
      "resolved": "https://registry.npmjs.org/@types/node/-/node-10.1.3.tgz",
      "integrity": "sha512-GiCx7dRvta0hbxXoJFAUxz+CKX6bZSCKjM5slq2vPp/5zwK01T4ibYZkGr6EN4F2QmxDQR76/ZHg6q+7iFWCWw==",
      "dev": true
    },
    "reflect-metadata": {
      "version": "0.1.12",
      "resolved": "https://registry.npmjs.org/reflect-metadata/-/reflect-metadata-0.1.12.tgz",
      "integrity": "sha512-n+IyV+nGz3+0q3/Yf1ra12KpCyi001bi4XFxSjbiWWjfqb52iTTtpGXmCCAOWWIAn9KEuFZKGqBERHmrtScZ3A==",
      "dev": true
    },
    "typescript": {
      "version": "2.8.3",
      "resolved": "https://registry.npmjs.org/typescript/-/typescript-2.8.3.tgz",
      "integrity": "sha512-K7g15Bb6Ra4lKf7Iq2l/I5/En+hLIHmxWZGq3D4DIRNFxMNV6j2SHSvDOqs2tGd4UvD/fJvrwopzQXjLrT7Itw==",
      "dev": true
    }
  }
}
